#MicroXplorer Configuration settings - do not modify
Mcu.Family=STM32F4
ProjectManager.MainLocation=Src
PH0-OSC_IN.Locked=true
PB13.GPIOParameters=GPIO_Label
PC7.GPIOParameters=GPIO_Label
PH0-OSC_IN.Signal=RCC_OSC_IN
RCC.CortexFreq_Value=168000000
SPI3.Direction=SPI_DIRECTION_2LINES
SPI3.VirtualType=VM_MASTER
ProjectManager.KeepUserCode=true
Mcu.UserName=STM32F405RGTx
SPI1.VirtualType=VM_MASTER
SPI2.VirtualType=VM_MASTER
PC12.Locked=true
USART1.BaudRate=115200
PC10.Locked=true
RCC.PLLCLKFreq_Value=168000000
PC10.Signal=SPI3_SCK
PC12.Signal=SPI3_MOSI
PB14.GPIO_Label=TFT_SPI2_MISO
USART1.WordLength=WORDLENGTH_8B
RCC.PLLQCLKFreq_Value=48000000
TIM5.EncoderMode=TIM_ENCODERMODE_TI12
PC5.Locked=true
PC7.Locked=true
ProjectManager.functionlistsort=1-MX_GPIO_Init-GPIO-false-HAL-true,3-SystemClock_Config-RCC-false-HAL-false,4-MX_USART1_UART_Init-USART1-false-HAL-true,5-MX_SPI1_Init-SPI1-false-HAL-true,6-MX_TIM5_Init-TIM5-false-HAL-true,7-MX_I2C1_Init-I2C1-false-HAL-true,8-MX_SPI2_Init-SPI2-false-HAL-true,9-MX_SPI3_Init-SPI3-false-HAL-true
SH.S_TIM5_CH2.0=TIM5_CH2,Encoder_Interface
PC6.GPIO_Label=TFT_DC
RCC.RTCFreq_Value=32000
PA6.GPIO_Label=K1_BUTTON
PB0.GPIO_Label=AD9833_DAT
PD2.Locked=true
PD2.GPIOParameters=GPIO_Label
USART1.IPParameters=VirtualMode,BaudRate,WordLength,Parity
PB13.GPIO_Label=TFT_SPI2_SCK
PB13.Signal=SPI2_SCK
PB15.Signal=SPI2_MOSI
PinOutPanel.RotationAngle=0
RCC.SYSCLKSource=RCC_SYSCLKSOURCE_PLLCLK
ProjectManager.StackSize=0x400
PB5.GPIOParameters=GPIO_Label
Mcu.IP4=SPI2
SH.GPXTI7.ConfNb=1
RCC.FCLKCortexFreq_Value=168000000
Mcu.IP5=SPI3
I2C1.IPParameters=I2C_Mode
NVIC.SVCall_IRQn=true\:0\:0\:false\:false\:true\:false\:false
Mcu.IP2=RCC
Mcu.IP3=SPI1
PA15.GPIO_Label=MEM_FLASH_CS
PB4.GPIOParameters=GPIO_Label
Mcu.IP0=I2C1
PA12.Locked=true
Mcu.IP1=NVIC
PA12.Signal=USB_OTG_FS_DP
Mcu.UserConstants=
Mcu.ThirdPartyNb=0
SPI1.Direction=SPI_DIRECTION_2LINES
RCC.HCLKFreq_Value=168000000
Mcu.IPNb=9
RCC.I2SClocksFreq_Value=192000000
ProjectManager.PreviousToolchain=STM32CubeIDE
RCC.APB2TimFreq_Value=168000000
RCC.VcooutputI2S=192000000
PC7.Signal=GPIO_Output
SPI1.CalculateBaudRate=42.0 MBits/s
PA8.GPIOParameters=GPIO_Label
Mcu.Pin6=PA6
Mcu.Pin7=PC5
Mcu.Pin8=PB0
Mcu.Pin9=PB1
RCC.AHBFreq_Value=168000000
SPI2.BaudRatePrescaler=SPI_BAUDRATEPRESCALER_2
PH0-OSC_IN.Mode=HSE-External-Oscillator
PB13.Locked=true
Mcu.Pin0=PC14-OSC32_IN
Mcu.Pin1=PC15-OSC32_OUT
GPIO.groupedBy=Group By Peripherals
Mcu.Pin2=PH0-OSC_IN
Mcu.Pin3=PH1-OSC_OUT
Mcu.Pin4=PA0-WKUP
PA0-WKUP.GPIOParameters=GPIO_Label
Mcu.Pin5=PA1
ProjectManager.ProjectBuild=false
RCC.HSE_VALUE=8000000
NVIC.UsageFault_IRQn=true\:0\:0\:false\:false\:true\:false\:false
NVIC.DebugMonitor_IRQn=true\:0\:0\:false\:false\:true\:false\:false
PB2.Signal=GPIO_Analog
PB3.Mode=Full_Duplex_Master
PA8.Locked=true
NVIC.SysTick_IRQn=true\:0\:0\:false\:false\:false\:false\:false
SH.GPXTI7.0=GPIO_EXTI7
PB12.GPIO_Label=TFT_CS
ProjectManager.FirmwarePackage=STM32Cube FW_F4 V1.25.2
MxDb.Version=DB.5.0.60
PB0.GPIOParameters=GPIO_Label
PA6.GPIO_PuPd=GPIO_NOPULL
PA1.GPIOParameters=GPIO_Label
PB4.Mode=Full_Duplex_Master
ProjectManager.BackupPrevious=false
PC14-OSC32_IN.Mode=LSE-External-Oscillator
RCC.VCOInputFreq_Value=2000000
PA14.Mode=Serial_Wire
PB14.Mode=Full_Duplex_Master
PB1.GPIO_Label=AD9833_CLK
PC11.GPIO_Label=TFTT_SPI3_MISO
PB5.Mode=Full_Duplex_Master
File.Version=6
SPI2.CalculateBaudRate=21.0 MBits/s
PH1-OSC_OUT.Locked=true
PB3.GPIOParameters=GPIO_Label
PB7.Signal=GPXTI7
PA8.Signal=GPIO_Output
PB8.Locked=true
NVIC.PendSV_IRQn=true\:0\:0\:false\:false\:true\:false\:false
SH.S_TIM5_CH2.ConfNb=1
ProjectManager.HalAssertFull=false
PB0.Locked=true
TIM5.IC1Filter=15
ProjectManager.ProjectName=STM32generator
PH1-OSC_OUT.Mode=HSE-External-Oscillator
PB7.GPIO_Label=TFTT_IRQ
RCC.MCO2PinFreq_Value=168000000
Mcu.Package=LQFP64
PB9.Signal=I2C1_SDA
PB1.Signal=GPIO_Output
PA6.Signal=GPXTI6
SPI2.Mode=SPI_MODE_MASTER
SPI3.Mode=SPI_MODE_MASTER
PA14.Locked=true
ProjectManager.ToolChainLocation=
RCC.LSI_VALUE=32000
VP_SYS_VS_Systick.Signal=SYS_VS_Systick
PA10.Signal=USART1_RX
PA15.Signal=GPIO_Output
PC11.Mode=Full_Duplex_Master
PB14.GPIOParameters=GPIO_Label
RCC.APB2CLKDivider=RCC_HCLK_DIV2
PB5.GPIO_Label=MEM_SPI1_MOSI
RCC.APB1TimFreq_Value=84000000
NVIC.BusFault_IRQn=true\:0\:0\:false\:false\:true\:false\:false
SH.S_TIM5_CH1.0=TIM5_CH1,Encoder_Interface
SPI3.IPParameters=VirtualType,Mode,Direction,CalculateBaudRate,BaudRatePrescaler
SPI2.Direction=SPI_DIRECTION_2LINES
PC5.Signal=GPIO_Output
PB13.Mode=Full_Duplex_Master
SPI1.BaudRatePrescaler=SPI_BAUDRATEPRESCALER_2
ProjectManager.CustomerFirmwarePackage=
PC14-OSC32_IN.Locked=true
PB15.Locked=true
PB3.Locked=true
PB4.Signal=SPI1_MISO
PB3.GPIO_Label=MEM_SPI1_SCK
PA6.GPIOParameters=GPIO_PuPd,GPIO_Label,GPIO_ModeDefaultEXTI
RCC.PLLSourceVirtual=RCC_PLLSOURCE_HSE
PC15-OSC32_OUT.Mode=LSE-External-Oscillator
ProjectManager.ProjectFileName=STM32generator.ioc
TIM5.IC2Filter=15
PA6.GPIO_ModeDefaultEXTI=GPIO_MODE_IT_FALLING
TIM5.IPParameters=IC1Filter,IC2Filter,EncoderMode,Period
PA10.Mode=Asynchronous
PA15.GPIOParameters=GPIO_Label
PC10.GPIO_Label=TFTT_SPI3_SCK
Mcu.PinsNb=36
ProjectManager.NoMain=false
PC11.Locked=true
SPI1.IPParameters=VirtualType,Mode,Direction,CalculateBaudRate,BaudRatePrescaler
PC11.Signal=SPI3_MISO
PC6.Signal=GPIO_Output
PC10.Mode=Full_Duplex_Master
ProjectManager.DefaultFWLocation=true
PB12.Locked=true
ProjectManager.DeletePrevious=true
PB14.Locked=true
RCC.APB1CLKDivider=RCC_HCLK_DIV4
PC14-OSC32_IN.Signal=RCC_OSC32_IN
PC11.GPIOParameters=GPIO_Label
RCC.FamilyName=M
PA0-WKUP.GPIO_Label=ENC_1
PA0-WKUP.Signal=S_TIM5_CH1
PA0-WKUP.Locked=true
SH.GPXTI6.0=GPIO_EXTI6
PC12.GPIOParameters=GPIO_Label
PA13.Signal=SYS_JTMS-SWDIO
SH.GPXTI6.ConfNb=1
PA11.Locked=true
PA9.Mode=Asynchronous
PA15.Locked=true
PA8.GPIO_Label=D1_LED
PC15-OSC32_OUT.Locked=true
ProjectManager.TargetToolchain=STM32CubeIDE
I2C1.I2C_Mode=I2C_Standard
PB7.GPIOParameters=GPIO_Label
PC5.GPIOParameters=GPIO_Label
PC6.Locked=true
PB9.Mode=I2C
PB2.GPIOParameters=GPIO_Label
PA9.Signal=USART1_TX
USART1.Parity=PARITY_NONE
PB5.Locked=true
SPI2.IPParameters=VirtualType,Mode,Direction,CalculateBaudRate,BaudRatePrescaler
PC15-OSC32_OUT.Signal=RCC_OSC32_OUT
PA1.Signal=S_TIM5_CH2
PB1.Locked=true
RCC.VCOI2SOutputFreq_Value=384000000
PB14.Signal=SPI2_MISO
PC12.Mode=Full_Duplex_Master
board=custom
RCC.VCOOutputFreq_Value=336000000
ProjectManager.LastFirmware=true
PB15.Mode=Full_Duplex_Master
RCC.APB2Freq_Value=84000000
SPI3.CalculateBaudRate=5.25 MBits/s
MxCube.Version=5.6.1
PB4.GPIO_Label=MEM_SPI1_MISO
PB15.GPIO_Label=TFT_SPI2_MOSI
Mcu.Pin35=VP_SYS_VS_Systick
SPI1.Mode=SPI_MODE_MASTER
Mcu.Pin30=PB4
SPI3.BaudRatePrescaler=SPI_BAUDRATEPRESCALER_8
PA1.GPIO_Label=ENC_2
VP_SYS_VS_Systick.Mode=SysTick
RCC.EthernetFreq_Value=168000000
Mcu.Pin33=PB8
PH1-OSC_OUT.Signal=RCC_OSC_OUT
Mcu.Pin34=PB9
Mcu.Pin31=PB5
Mcu.Pin32=PB7
PA9.Locked=true
NVIC.NonMaskableInt_IRQn=true\:0\:0\:false\:false\:true\:false\:false
PC10.GPIOParameters=GPIO_Label
PB15.GPIOParameters=GPIO_Label
PA13.Mode=Serial_Wire
ProjectManager.FreePins=false
RCC.IPParameters=48MHZClocksFreq_Value,AHBFreq_Value,APB1CLKDivider,APB1Freq_Value,APB1TimFreq_Value,APB2CLKDivider,APB2Freq_Value,APB2TimFreq_Value,CortexFreq_Value,EthernetFreq_Value,FCLKCortexFreq_Value,FamilyName,HCLKFreq_Value,HSE_VALUE,HSI_VALUE,I2SClocksFreq_Value,LSI_VALUE,MCO2PinFreq_Value,PLLCLKFreq_Value,PLLM,PLLN,PLLQ,PLLQCLKFreq_Value,PLLSourceVirtual,RTCFreq_Value,RTCHSEDivFreq_Value,SYSCLKFreq_VALUE,SYSCLKSource,VCOI2SOutputFreq_Value,VCOInputFreq_Value,VCOOutputFreq_Value,VcooutputI2S
ProjectManager.AskForMigrate=true
Mcu.Name=STM32F405RGTx
Mcu.Pin26=PC11
Mcu.Pin27=PC12
RCC.RTCHSEDivFreq_Value=4000000
Mcu.Pin24=PA15
ProjectManager.UnderRoot=true
Mcu.Pin25=PC10
PB2.Locked=true
Mcu.IP8=USART1
PC7.GPIO_Label=TFT_RST
Mcu.Pin28=PD2
Mcu.IP6=SYS
Mcu.Pin29=PB3
Mcu.IP7=TIM5
ProjectManager.CoupleFile=true
PB4.Locked=true
RCC.48MHZClocksFreq_Value=48000000
PB3.Signal=SPI1_SCK
RCC.SYSCLKFreq_VALUE=168000000
PB5.Signal=SPI1_MOSI
Mcu.Pin22=PA13
Mcu.Pin23=PA14
PA1.Locked=true
Mcu.Pin20=PA11
Mcu.Pin21=PA12
PA10.Locked=true
NVIC.ForceEnableDMAVector=false
KeepUserPlacement=false
PC5.GPIO_Label=AD9833_FNC
NVIC.MemoryManagement_IRQn=true\:0\:0\:false\:false\:true\:false\:false
PA13.Locked=true
PC12.GPIO_Label=TFTT_SPI3_MOSI
USART1.VirtualMode=VM_ASYNC
ProjectManager.CompilerOptimize=6
PA11.Signal=USB_OTG_FS_DM
NVIC.EXTI9_5_IRQn=true\:0\:0\:false\:false\:true\:true\:true
PA14.Signal=SYS_JTCK-SWCLK
PB2.GPIO_Label=BOOT1
ProjectManager.HeapSize=0x200
Mcu.Pin15=PC6
NVIC.HardFault_IRQn=true\:0\:0\:false\:false\:true\:false\:false
Mcu.Pin16=PC7
Mcu.Pin13=PB14
PC6.GPIOParameters=GPIO_Label
Mcu.Pin14=PB15
Mcu.Pin19=PA10
ProjectManager.ComputerToolchain=false
Mcu.Pin17=PA8
RCC.HSI_VALUE=16000000
Mcu.Pin18=PA9
RCC.PLLQ=7
NVIC.PriorityGroup=NVIC_PRIORITYGROUP_4
Mcu.Pin11=PB12
Mcu.Pin12=PB13
RCC.PLLM=4
PB8.Mode=I2C
RCC.PLLN=168
Mcu.Pin10=PB2
PB7.Locked=true
PB8.Signal=I2C1_SCL
TIM5.Period=0xffff
PD2.Signal=GPIO_Output
RCC.APB1Freq_Value=42000000
PB0.Signal=GPIO_Output
ProjectManager.DeviceId=STM32F405RGTx
PB12.GPIOParameters=GPIO_Label
PB12.Signal=GPIO_Output
PD2.GPIO_Label=TFTT_CS
ProjectManager.LibraryCopy=1
SH.S_TIM5_CH1.ConfNb=1
PB1.GPIOParameters=GPIO_Label
PA6.Locked=true
